// !$*UTF8*$!
{
	archiveVersion = 1;
	classes = {
	};
	objectVersion = 50;
	objects = {

/* Begin PBXBuildFile section */
		8044063B2184471E00EDDF59 /* AppDelegate.m in Sources */ = {isa = PBXBuildFile; fileRef = 8044063A2184471E00EDDF59 /* AppDelegate.m */; };
		804406412184471E00EDDF59 /* Main.storyboard in Resources */ = {isa = PBXBuildFile; fileRef = 8044063F2184471E00EDDF59 /* Main.storyboard */; };
		804406432184471F00EDDF59 /* Assets.xcassets in Resources */ = {isa = PBXBuildFile; fileRef = 804406422184471F00EDDF59 /* Assets.xcassets */; };
		804406462184471F00EDDF59 /* LaunchScreen.storyboard in Resources */ = {isa = PBXBuildFile; fileRef = 804406442184471F00EDDF59 /* LaunchScreen.storyboard */; };
		804406492184471F00EDDF59 /* main.m in Sources */ = {isa = PBXBuildFile; fileRef = 804406482184471F00EDDF59 /* main.m */; };
		804406532184471F00EDDF59 /* LCAlertViewControllerTests.m in Sources */ = {isa = PBXBuildFile; fileRef = 804406522184471F00EDDF59 /* LCAlertViewControllerTests.m */; };
		8044065E2184471F00EDDF59 /* LCAlertViewControllerUITests.m in Sources */ = {isa = PBXBuildFile; fileRef = 8044065D2184471F00EDDF59 /* LCAlertViewControllerUITests.m */; };
		8044067D2184AA0400EDDF59 /* TableViewController.m in Sources */ = {isa = PBXBuildFile; fileRef = 8044067A2184AA0400EDDF59 /* TableViewController.m */; };
		8044067E2184AA0400EDDF59 /* LCAlertViewController.m in Sources */ = {isa = PBXBuildFile; fileRef = 8044067C2184AA0400EDDF59 /* LCAlertViewController.m */; };
		804406802184AA7800EDDF59 /* demo.gif in Resources */ = {isa = PBXBuildFile; fileRef = 8044067F2184AA7800EDDF59 /* demo.gif */; };
/* End PBXBuildFile section */

/* Begin PBXContainerItemProxy section */
		8044064F2184471F00EDDF59 /* PBXContainerItemProxy */ = {
			isa = PBXContainerItemProxy;
			containerPortal = 8044062E2184471D00EDDF59 /* Project object */;
			proxyType = 1;
			remoteGlobalIDString = 804406352184471D00EDDF59;
			remoteInfo = LCAlertViewController;
		};
		8044065A2184471F00EDDF59 /* PBXContainerItemProxy */ = {
			isa = PBXContainerItemProxy;
			containerPortal = 8044062E2184471D00EDDF59 /* Project object */;
			proxyType = 1;
			remoteGlobalIDString = 804406352184471D00EDDF59;
			remoteInfo = LCAlertViewController;
		};
/* End PBXContainerItemProxy section */

/* Begin PBXFileReference section */
		804406362184471D00EDDF59 /* LCAlertViewController.app */ = {isa = PBXFileReference; explicitFileType = wrapper.application; includeInIndex = 0; path = LCAlertViewController.app; sourceTree = BUILT_PRODUCTS_DIR; };
		804406392184471D00EDDF59 /* AppDelegate.h */ = {isa = PBXFileReference; lastKnownFileType = sourcecode.c.h; path = AppDelegate.h; sourceTree = "<group>"; };
		8044063A2184471E00EDDF59 /* AppDelegate.m */ = {isa = PBXFileReference; lastKnownFileType = sourcecode.c.objc; path = AppDelegate.m; sourceTree = "<group>"; };
		804406402184471E00EDDF59 /* Base */ = {isa = PBXFileReference; lastKnownFileType = file.storyboard; name = Base; path = Base.lproj/Main.storyboard; sourceTree = "<group>"; };
		804406422184471F00EDDF59 /* Assets.xcassets */ = {isa = PBXFileReference; lastKnownFileType = folder.assetcatalog; path = Assets.xcassets; sourceTree = "<group>"; };
		804406452184471F00EDDF59 /* Base */ = {isa = PBXFileReference; lastKnownFileType = file.storyboard; name = Base; path = Base.lproj/LaunchScreen.storyboard; sourceTree = "<group>"; };
		804406472184471F00EDDF59 /* Info.plist */ = {isa = PBXFileReference; lastKnownFileType = text.plist.xml; path = Info.plist; sourceTree = "<group>"; };
		804406482184471F00EDDF59 /* main.m */ = {isa = PBXFileReference; lastKnownFileType = sourcecode.c.objc; path = main.m; sourceTree = "<group>"; };
		8044064E2184471F00EDDF59 /* LCAlertViewControllerTests.xctest */ = {isa = PBXFileReference; explicitFileType = wrapper.cfbundle; includeInIndex = 0; path = LCAlertViewControllerTests.xctest; sourceTree = BUILT_PRODUCTS_DIR; };
		804406522184471F00EDDF59 /* LCAlertViewControllerTests.m */ = {isa = PBXFileReference; lastKnownFileType = sourcecode.c.objc; path = LCAlertViewControllerTests.m; sourceTree = "<group>"; };
		804406542184471F00EDDF59 /* Info.plist */ = {isa = PBXFileReference; lastKnownFileType = text.plist.xml; path = Info.plist; sourceTree = "<group>"; };
		804406592184471F00EDDF59 /* LCAlertViewControllerUITests.xctest */ = {isa = PBXFileReference; explicitFileType = wrapper.cfbundle; includeInIndex = 0; path = LCAlertViewControllerUITests.xctest; sourceTree = BUILT_PRODUCTS_DIR; };
		8044065D2184471F00EDDF59 /* LCAlertViewControllerUITests.m */ = {isa = PBXFileReference; lastKnownFileType = sourcecode.c.objc; path = LCAlertViewControllerUITests.m; sourceTree = "<group>"; };
		8044065F2184471F00EDDF59 /* Info.plist */ = {isa = PBXFileReference; lastKnownFileType = text.plist.xml; path = Info.plist; sourceTree = "<group>"; };
		804406792184AA0400EDDF59 /* TableViewController.h */ = {isa = PBXFileReference; fileEncoding = 4; lastKnownFileType = sourcecode.c.h; path = TableViewController.h; sourceTree = "<group>"; };
		8044067A2184AA0400EDDF59 /* TableViewController.m */ = {isa = PBXFileReference; fileEncoding = 4; lastKnownFileType = sourcecode.c.objc; path = TableViewController.m; sourceTree = "<group>"; };
		8044067B2184AA0400EDDF59 /* LCAlertViewController.h */ = {isa = PBXFileReference; fileEncoding = 4; lastKnownFileType = sourcecode.c.h; path = LCAlertViewController.h; sourceTree = "<group>"; };
		8044067C2184AA0400EDDF59 /* LCAlertViewController.m */ = {isa = PBXFileReference; fileEncoding = 4; lastKnownFileType = sourcecode.c.objc; path = LCAlertViewController.m; sourceTree = "<group>"; };
		8044067F2184AA7800EDDF59 /* demo.gif */ = {isa = PBXFileReference; lastKnownFileType = image.gif; path = demo.gif; sourceTree = "<group>"; };
/* End PBXFileReference section */

/* Begin PBXFrameworksBuildPhase section */
		804406332184471D00EDDF59 /* Frameworks */ = {
			isa = PBXFrameworksBuildPhase;
			buildActionMask = 2147483647;
			files = (
			);
			runOnlyForDeploymentPostprocessing = 0;
		};
		8044064B2184471F00EDDF59 /* Frameworks */ = {
			isa = PBXFrameworksBuildPhase;
			buildActionMask = 2147483647;
			files = (
			);
			runOnlyForDeploymentPostprocessing = 0;
		};
		804406562184471F00EDDF59 /* Frameworks */ = {
			isa = PBXFrameworksBuildPhase;
			buildActionMask = 2147483647;
			files = (
			);
			runOnlyForDeploymentPostprocessing = 0;
		};
/* End PBXFrameworksBuildPhase section */

/* Begin PBXGroup section */
		8044062D2184471D00EDDF59 = {
			isa = PBXGroup;
			children = (
				804406382184471D00EDDF59 /* LCAlertViewController */,
				804406512184471F00EDDF59 /* LCAlertViewControllerTests */,
				8044065C2184471F00EDDF59 /* LCAlertViewControllerUITests */,
				804406372184471D00EDDF59 /* Products */,
			);
			sourceTree = "<group>";
		};
		804406372184471D00EDDF59 /* Products */ = {
			isa = PBXGroup;
			children = (
				804406362184471D00EDDF59 /* LCAlertViewController.app */,
				8044064E2184471F00EDDF59 /* LCAlertViewControllerTests.xctest */,
				804406592184471F00EDDF59 /* LCAlertViewControllerUITests.xctest */,
			);
			name = Products;
			sourceTree = "<group>";
		};
		804406382184471D00EDDF59 /* LCAlertViewController */ = {
			isa = PBXGroup;
			children = (
				804406772184AA0400EDDF59 /* LCAlertViewController */,
				804406392184471D00EDDF59 /* AppDelegate.h */,
				8044063A2184471E00EDDF59 /* AppDelegate.m */,
				8044063F2184471E00EDDF59 /* Main.storyboard */,
				804406422184471F00EDDF59 /* Assets.xcassets */,
				804406442184471F00EDDF59 /* LaunchScreen.storyboard */,
				804406472184471F00EDDF59 /* Info.plist */,
				804406482184471F00EDDF59 /* main.m */,
				8044067F2184AA7800EDDF59 /* demo.gif */,
			);
			path = LCAlertViewController;
			sourceTree = "<group>";
		};
		804406512184471F00EDDF59 /* LCAlertViewControllerTests */ = {
			isa = PBXGroup;
			children = (
				804406522184471F00EDDF59 /* LCAlertViewControllerTests.m */,
				804406542184471F00EDDF59 /* Info.plist */,
			);
			path = LCAlertViewControllerTests;
			sourceTree = "<group>";
		};
		8044065C2184471F00EDDF59 /* LCAlertViewControllerUITests */ = {
			isa = PBXGroup;
			children = (
				8044065D2184471F00EDDF59 /* LCAlertViewControllerUITests.m */,
				8044065F2184471F00EDDF59 /* Info.plist */,
			);
			path = LCAlertViewControllerUITests;
			sourceTree = "<group>";
		};
		804406772184AA0400EDDF59 /* LCAlertViewController */ = {
			isa = PBXGroup;
			children = (
				804406782184AA0400EDDF59 /* Example */,
				8044067B2184AA0400EDDF59 /* LCAlertViewController.h */,
				8044067C2184AA0400EDDF59 /* LCAlertViewController.m */,
			);
			path = LCAlertViewController;
			sourceTree = "<group>";
		};
		804406782184AA0400EDDF59 /* Example */ = {
			isa = PBXGroup;
			children = (
				804406792184AA0400EDDF59 /* TableViewController.h */,
				8044067A2184AA0400EDDF59 /* TableViewController.m */,
			);
			path = Example;
			sourceTree = "<group>";
		};
/* End PBXGroup section */

/* Begin PBXNativeTarget section */
		804406352184471D00EDDF59 /* LCAlertViewController */ = {
			isa = PBXNativeTarget;
			buildConfigurationList = 804406622184471F00EDDF59 /* Build configuration list for PBXNativeTarget "LCAlertViewController" */;
			buildPhases = (
				804406322184471D00EDDF59 /* Sources */,
				804406332184471D00EDDF59 /* Frameworks */,
				804406342184471D00EDDF59 /* Resources */,
			);
			buildRules = (
			);
			dependencies = (
			);
			name = LCAlertViewController;
			productName = LCAlertViewController;
			productReference = 804406362184471D00EDDF59 /* LCAlertViewController.app */;
			productType = "com.apple.product-type.application";
		};
		8044064D2184471F00EDDF59 /* LCAlertViewControllerTests */ = {
			isa = PBXNativeTarget;
			buildConfigurationList = 804406652184471F00EDDF59 /* Build configuration list for PBXNativeTarget "LCAlertViewControllerTests" */;
			buildPhases = (
				8044064A2184471F00EDDF59 /* Sources */,
				8044064B2184471F00EDDF59 /* Frameworks */,
				8044064C2184471F00EDDF59 /* Resources */,
			);
			buildRules = (
			);
			dependencies = (
				804406502184471F00EDDF59 /* PBXTargetDependency */,
			);
			name = LCAlertViewControllerTests;
			productName = LCAlertViewControllerTests;
			productReference = 8044064E2184471F00EDDF59 /* LCAlertViewControllerTests.xctest */;
			productType = "com.apple.product-type.bundle.unit-test";
		};
		804406582184471F00EDDF59 /* LCAlertViewControllerUITests */ = {
			isa = PBXNativeTarget;
			buildConfigurationList = 804406682184471F00EDDF59 /* Build configuration list for PBXNativeTarget "LCAlertViewControllerUITests" */;
			buildPhases = (
				804406552184471F00EDDF59 /* Sources */,
				804406562184471F00EDDF59 /* Frameworks */,
				804406572184471F00EDDF59 /* Resources */,
			);
			buildRules = (
			);
			dependencies = (
				8044065B2184471F00EDDF59 /* PBXTargetDependency */,
			);
			name = LCAlertViewControllerUITests;
			productName = LCAlertViewControllerUITests;
			productReference = 804406592184471F00EDDF59 /* LCAlertViewControllerUITests.xctest */;
			productType = "com.apple.product-type.bundle.ui-testing";
		};
/* End PBXNativeTarget section */

/* Begin PBXProject section */
		8044062E2184471D00EDDF59 /* Project object */ = {
			isa = PBXProject;
			attributes = {
				LastUpgradeCheck = 0930;
				ORGANIZATIONNAME = "罗川";
				TargetAttributes = {
					804406352184471D00EDDF59 = {
						CreatedOnToolsVersion = 9.3.1;
					};
					8044064D2184471F00EDDF59 = {
						CreatedOnToolsVersion = 9.3.1;
						TestTargetID = 804406352184471D00EDDF59;
					};
					804406582184471F00EDDF59 = {
						CreatedOnToolsVersion = 9.3.1;
						TestTargetID = 804406352184471D00EDDF59;
					};
				};
			};
			buildConfigurationList = 804406312184471D00EDDF59 /* Build configuration list for PBXProject "LCAlertViewController" */;
			compatibilityVersion = "Xcode 9.3";
			developmentRegion = en;
			hasScannedForEncodings = 0;
			knownRegions = (
				en,
				Base,
			);
			mainGroup = 8044062D2184471D00EDDF59;
			productRefGroup = 804406372184471D00EDDF59 /* Products */;
			projectDirPath = "";
			projectRoot = "";
			targets = (
				804406352184471D00EDDF59 /* LCAlertViewController */,
				8044064D2184471F00EDDF59 /* LCAlertViewControllerTests */,
				804406582184471F00EDDF59 /* LCAlertViewControllerUITests */,
			);
		};
/* End PBXProject section */

/* Begin PBXResourcesBuildPhase section */
		804406342184471D00EDDF59 /* Resources */ = {
			isa = PBXResourcesBuildPhase;
			buildActionMask = 2147483647;
			files = (
				804406462184471F00EDDF59 /* LaunchScreen.storyboard in Resources */,
				804406802184AA7800EDDF59 /* demo.gif in Resources */,
				804406432184471F00EDDF59 /* Assets.xcassets in Resources */,
				804406412184471E00EDDF59 /* Main.storyboard in Resources */,
			);
			runOnlyForDeploymentPostprocessing = 0;
		};
		8044064C2184471F00EDDF59 /* Resources */ = {
			isa = PBXResourcesBuildPhase;
			buildActionMask = 2147483647;
			files = (
			);
			runOnlyForDeploymentPostprocessing = 0;
		};
		804406572184471F00EDDF59 /* Resources */ = {
			isa = PBXResourcesBuildPhase;
			buildActionMask = 2147483647;
			files = (
			);
			runOnlyForDeploymentPostprocessing = 0;
		};
/* End PBXResourcesBuildPhase section */

/* Begin PBXSourcesBuildPhase section */
		804406322184471D00EDDF59 /* Sources */ = {
			isa = PBXSourcesBuildPhase;
			buildActionMask = 2147483647;
			files = (
				8044067E2184AA0400EDDF59 /* LCAlertViewController.m in Sources */,
				804406492184471F00EDDF59 /* main.m in Sources */,
				8044067D2184AA0400EDDF59 /* TableViewController.m in Sources */,
				8044063B2184471E00EDDF59 /* AppDelegate.m in Sources */,
			);
			runOnlyForDeploymentPostprocessing = 0;
		};
		8044064A2184471F00EDDF59 /* Sources */ = {
			isa = PBXSourcesBuildPhase;
			buildActionMask = 2147483647;
			files = (
				804406532184471F00EDDF59 /* LCAlertViewControllerTests.m in Sources */,
			);
			runOnlyForDeploymentPostprocessing = 0;
		};
		804406552184471F00EDDF59 /* Sources */ = {
			isa = PBXSourcesBuildPhase;
			buildActionMask = 2147483647;
			files = (
				8044065E2184471F00EDDF59 /* LCAlertViewControllerUITests.m in Sources */,
			);
			runOnlyForDeploymentPostprocessing = 0;
		};
/* End PBXSourcesBuildPhase section */

/* Begin PBXTargetDependency section */
		804406502184471F00EDDF59 /* PBXTargetDependency */ = {
			isa = PBXTargetDependency;
			target = 804406352184471D00EDDF59 /* LCAlertViewController */;
			targetProxy = 8044064F2184471F00EDDF59 /* PBXContainerItemProxy */;
		};
		8044065B2184471F00EDDF59 /* PBXTargetDependency */ = {
			isa = PBXTargetDependency;
			target = 804406352184471D00EDDF59 /* LCAlertViewController */;
			targetProxy = 8044065A2184471F00EDDF59 /* PBXContainerItemProxy */;
		};
/* End PBXTargetDependency section */

/* Begin PBXVariantGroup section */
		8044063F2184471E00EDDF59 /* Main.storyboard */ = {
			isa = PBXVariantGroup;
			children = (
				804406402184471E00EDDF59 /* Base */,
			);
			name = Main.storyboard;
			sourceTree = "<group>";
		};
		804406442184471F00EDDF59 /* LaunchScreen.storyboard */ = {
			isa = PBXVariantGroup;
			children = (
				804406452184471F00EDDF59 /* Base */,
			);
			name = LaunchScreen.storyboard;
			sourceTree = "<group>";
		};
/* End PBXVariantGroup section */

/* Begin XCBuildConfiguration section */
		804406602184471F00EDDF59 /* Debug */ = {
			isa = XCBuildConfiguration;
			buildSettings = {
				ALWAYS_SEARCH_USER_PATHS = NO;
				CLANG_ANALYZER_NONNULL = YES;
				CLANG_ANALYZER_NUMBER_OBJECT_CONVERSION = YES_AGGRESSIVE;
				CLANG_CXX_LANGUAGE_STANDARD = "gnu++14";
				CLANG_CXX_LIBRARY = "libc++";
				CLANG_ENABLE_MODULES = YES;
				CLANG_ENABLE_OBJC_ARC = YES;
				CLANG_ENABLE_OBJC_WEAK = YES;
				CLANG_WARN_BLOCK_CAPTURE_AUTORELEASING = YES;
				CLANG_WARN_BOOL_CONVERSION = YES;
				CLANG_WARN_COMMA = YES;
				CLANG_WARN_CONSTANT_CONVERSION = YES;
				CLANG_WARN_DEPRECATED_OBJC_IMPLEMENTATIONS = YES;
				CLANG_WARN_DIRECT_OBJC_ISA_USAGE = YES_ERROR;
				CLANG_WARN_DOCUMENTATION_COMMENTS = YES;
				CLANG_WARN_EMPTY_BODY = YES;
				CLANG_WARN_ENUM_CONVERSION = YES;
				CLANG_WARN_INFINITE_RECURSION = YES;
				CLANG_WARN_INT_CONVERSION = YES;
				CLANG_WARN_NON_LITERAL_NULL_CONVERSION = YES;
				CLANG_WARN_OBJC_IMPLICIT_RETAIN_SELF = YES;
				CLANG_WARN_OBJC_LITERAL_CONVERSION = YES;
				CLANG_WARN_OBJC_ROOT_CLASS = YES_ERROR;
				CLANG_WARN_RANGE_LOOP_ANALYSIS = YES;
				CLANG_WARN_STRICT_PROTOTYPES = YES;
				CLANG_WARN_SUSPICIOUS_MOVE = YES;
				CLANG_WARN_UNGUARDED_AVAILABILITY = YES_AGGRESSIVE;
				CLANG_WARN_UNREACHABLE_CODE = YES;
				CLANG_WARN__DUPLICATE_METHOD_MATCH = YES;
				CODE_SIGN_IDENTITY = "iPhone Developer";
				COPY_PHASE_STRIP = NO;
				DEBUG_INFORMATION_FORMAT = dwarf;
				ENABLE_STRICT_OBJC_MSGSEND = YES;
				ENABLE_TESTABILITY = YES;
				GCC_C_LANGUAGE_STANDARD = gnu11;
				GCC_DYNAMIC_NO_PIC = NO;
				GCC_NO_COMMON_BLOCKS = YES;
				GCC_OPTIMIZATION_LEVEL = 0;
				GCC_PREPROCESSOR_DEFINITIONS = (
					"DEBUG=1",
					"$(inherited)",
				);
				GCC_WARN_64_TO_32_BIT_CONVERSION = YES;
				GCC_WARN_ABOUT_RETURN_TYPE = YES_ERROR;
				GCC_WARN_UNDECLARED_SELECTOR = YES;
				GCC_WARN_UNINITIALIZED_AUTOS = YES_AGGRESSIVE;
				GCC_WARN_UNUSED_FUNCTION = YES;
				GCC_WARN_UNUSED_VARIABLE = YES;
				IPHONEOS_DEPLOYMENT_TARGET = 11.3;
				MTL_ENABLE_DEBUG_INFO = YES;
				ONLY_ACTIVE_ARCH = YES;
				SDKROOT = iphoneos;
			};
			name = Debug;
		};
		804406612184471F00EDDF59 /* Release */ = {
			isa = XCBuildConfiguration;
			buildSettings = {
				ALWAYS_SEARCH_USER_PATHS = NO;
				CLANG_ANALYZER_NONNULL = YES;
				CLANG_ANALYZER_NUMBER_OBJECT_CONVERSION = YES_AGGRESSIVE;
				CLANG_CXX_LANGUAGE_STANDARD = "gnu++14";
				CLANG_CXX_LIBRARY = "libc++";
				CLANG_ENABLE_MODULES = YES;
				CLANG_ENABLE_OBJC_ARC = YES;
				CLANG_ENABLE_OBJC_WEAK = YES;
				CLANG_WARN_BLOCK_CAPTURE_AUTORELEASING = YES;
				CLANG_WARN_BOOL_CONVERSION = YES;
				CLANG_WARN_COMMA = YES;
				CLANG_WARN_CONSTANT_CONVERSION = YES;
				CLANG_WARN_DEPRECATED_OBJC_IMPLEMENTATIONS = YES;
				CLANG_WARN_DIRECT_OBJC_ISA_USAGE = YES_ERROR;
				CLANG_WARN_DOCUMENTATION_COMMENTS = YES;
				CLANG_WARN_EMPTY_BODY = YES;
				CLANG_WARN_ENUM_CONVERSION = YES;
				CLANG_WARN_INFINITE_RECURSION = YES;
				CLANG_WARN_INT_CONVERSION = YES;
				CLANG_WARN_NON_LITERAL_NULL_CONVERSION = YES;
				CLANG_WARN_OBJC_IMPLICIT_RETAIN_SELF = YES;
				CLANG_WARN_OBJC_LITERAL_CONVERSION = YES;
				CLANG_WARN_OBJC_ROOT_CLASS = YES_ERROR;
				CLANG_WARN_RANGE_LOOP_ANALYSIS = YES;
				CLANG_WARN_STRICT_PROTOTYPES = YES;
				CLANG_WARN_SUSPICIOUS_MOVE = YES;
				CLANG_WARN_UNGUARDED_AVAILABILITY = YES_AGGRESSIVE;
				CLANG_WARN_UNREACHABLE_CODE = YES;
				CLANG_WARN__DUPLICATE_METHOD_MATCH = YES;
				CODE_SIGN_IDENTITY = "iPhone Developer";
				COPY_PHASE_STRIP = NO;
				DEBUG_INFORMATION_FORMAT = "dwarf-with-dsym";
				ENABLE_NS_ASSERTIONS = NO;
				ENABLE_STRICT_OBJC_MSGSEND = YES;
				GCC_C_LANGUAGE_STANDARD = gnu11;
				GCC_NO_COMMON_BLOCKS = YES;
				GCC_WARN_64_TO_32_BIT_CONVERSION = YES;
				GCC_WARN_ABOUT_RETURN_TYPE = YES_ERROR;
				GCC_WARN_UNDECLARED_SELECTOR = YES;
				GCC_WARN_UNINITIALIZED_AUTOS = YES_AGGRESSIVE;
				GCC_WARN_UNUSED_FUNCTION = YES;
				GCC_WARN_UNUSED_VARIABLE = YES;
				IPHONEOS_DEPLOYMENT_TARGET = 11.3;
				MTL_ENABLE_DEBUG_INFO = NO;
				SDKROOT = iphoneos;
				VALIDATE_PRODUCT = YES;
			};
			name = Release;
		};
		804406632184471F00EDDF59 /* Debug */ = {
			isa = XCBuildConfiguration;
			buildSettings = {
				ASSETCATALOG_COMPILER_APPICON_NAME = AppIcon;
				CODE_SIGN_STYLE = Automatic;
				DEVELOPMENT_TEAM = "";
				INFOPLIST_FILE = LCAlertViewController/Info.plist;
				LD_RUNPATH_SEARCH_PATHS = (
					"$(inherited)",
					"@executable_path/Frameworks",
				);
				PRODUCT_BUNDLE_IDENTIFIER = com.LuochuanAD.LCAlertViewController;
				PRODUCT_NAME = "$(TARGET_NAME)";
				TARGETED_DEVICE_FAMILY = "1,2";
			};
			name = Debug;
		};
		804406642184471F00EDDF59 /* Release */ = {
			isa = XCBuildConfiguration;
			buildSettings = {
				ASSETCATALOG_COMPILER_APPICON_NAME = AppIcon;
				CODE_SIGN_STYLE = Automatic;
				DEVELOPMENT_TEAM = "";
				INFOPLIST_FILE = LCAlertViewController/Info.plist;
				LD_RUNPATH_SEARCH_PATHS = (
					"$(inherited)",
					"@executable_path/Frameworks",
				);
				PRODUCT_BUNDLE_IDENTIFIER = com.LuochuanAD.LCAlertViewController;
				PRODUCT_NAME = "$(TARGET_NAME)";
				TARGETED_DEVICE_FAMILY = "1,2";
			};
			name = Release;
		};
		804406662184471F00EDDF59 /* Debug */ = {
			isa = XCBuildConfiguration;
			buildSettings = {
				BUNDLE_LOADER = "$(TEST_HOST)";
				CODE_SIGN_STYLE = Automatic;
				DEVELOPMENT_TEAM = 8JG65G992A;
				INFOPLIST_FILE = LCAlertViewControllerTests/Info.plist;
				LD_RUNPATH_SEARCH_PATHS = (
					"$(inherited)",
					"@executable_path/Frameworks",
					"@loader_path/Frameworks",
				);
				PRODUCT_BUNDLE_IDENTIFIER = com.LuochuanAD.LCAlertViewControllerTests;
				PRODUCT_NAME = "$(TARGET_NAME)";
				TARGETED_DEVICE_FAMILY = "1,2";
				TEST_HOST = "$(BUILT_PRODUCTS_DIR)/LCAlertViewController.app/LCAlertViewController";
			};
			name = Debug;
		};
		804406672184471F00EDDF59 /* Release */ = {
			isa = XCBuildConfiguration;
			buildSettings = {
				BUNDLE_LOADER = "$(TEST_HOST)";
				CODE_SIGN_STYLE = Automatic;
				DEVELOPMENT_TEAM = 8JG65G992A;
				INFOPLIST_FILE = LCAlertViewControllerTests/Info.plist;
				LD_RUNPATH_SEARCH_PATHS = (
					"$(inherited)",
					"@executable_path/Frameworks",
					"@loader_path/Frameworks",
				);
				PRODUCT_BUNDLE_IDENTIFIER = com.LuochuanAD.LCAlertViewControllerTests;
				PRODUCT_NAME = "$(TARGET_NAME)";
				TARGETED_DEVICE_FAMILY = "1,2";
				TEST_HOST = "$(BUILT_PRODUCTS_DIR)/LCAlertViewController.app/LCAlertViewController";
			};
			name = Release;
		};
		804406692184471F00EDDF59 /* Debug */ = {
			isa = XCBuildConfiguration;
			buildSettings = {
				CODE_SIGN_STYLE = Automatic;
				DEVELOPMENT_TEAM = 8JG65G992A;
				INFOPLIST_FILE = LCAlertViewControllerUITests/Info.plist;
				LD_RUNPATH_SEARCH_PATHS = (
					"$(inherited)",
					"@executable_path/Frameworks",
					"@loader_path/Frameworks",
				);
				PRODUCT_BUNDLE_IDENTIFIER = com.LuochuanAD.LCAlertViewControllerUITests;
				PRODUCT_NAME = "$(TARGET_NAME)";
				TARGETED_DEVICE_FAMILY = "1,2";
				TEST_TARGET_NAME = LCAlertViewController;
			};
			name = Debug;
		};
		8044066A2184471F00EDDF59 /* Release */ = {
			isa = XCBuildConfiguration;
			buildSettings = {
				CODE_SIGN_STYLE = Automatic;
				DEVELOPMENT_TEAM = 8JG65G992A;
				INFOPLIST_FILE = LCAlertViewControllerUITests/Info.plist;
				LD_RUNPATH_SEARCH_PATHS = (
					"$(inherited)",
					"@executable_path/Frameworks",
					"@loader_path/Frameworks",
				);
				PRODUCT_BUNDLE_IDENTIFIER = com.LuochuanAD.LCAlertViewControllerUITests;
				PRODUCT_NAME = "$(TARGET_NAME)";
				TARGETED_DEVICE_FAMILY = "1,2";
				TEST_TARGET_NAME = LCAlertViewController;
			};
			name = Release;
		};
/* End XCBuildConfiguration section */

/* Begin XCConfigurationList section */
		804406312184471D00EDDF59 /* Build configuration list for PBXProject "LCAlertViewController" */ = {
			isa = XCConfigurationList;
			buildConfigurations = (
				804406602184471F00EDDF59 /* Debug */,
				804406612184471F00EDDF59 /* Release */,
			);
			defaultConfigurationIsVisible = 0;
			defaultConfigurationName = Release;
		};
		804406622184471F00EDDF59 /* Build configuration list for PBXNativeTarget "LCAlertViewController" */ = {
			isa = XCConfigurationList;
			buildConfigurations = (
				804406632184471F00EDDF59 /* Debug */,
				804406642184471F00EDDF59 /* Release */,
			);
			defaultConfigurationIsVisible = 0;
			defaultConfigurationName = Release;
		};
		804406652184471F00EDDF59 /* Build configuration list for PBXNativeTarget "LCAlertViewControllerTests" */ = {
			isa = XCConfigurationList;
			buildConfigurations = (
				804406662184471F00EDDF59 /* Debug */,
				804406672184471F00EDDF59 /* Release */,
			);
			defaultConfigurationIsVisible = 0;
			defaultConfigurationName = Release;
		};
		804406682184471F00EDDF59 /* Build configuration list for PBXNativeTarget "LCAlertViewControllerUITests" */ = {
			isa = XCConfigurationList;
			buildConfigurations = (
				804406692184471F00EDDF59 /* Debug */,
				8044066A2184471F00EDDF59 /* Release */,
			);
			defaultConfigurationIsVisible = 0;
			defaultConfigurationName = Release;
		};
/* End XCConfigurationList section */
	};
	rootObject = 8044062E2184471D00EDDF59 /* Project object */;
}
